// !$*UTF8*$!
{
	archiveVersion = 1;
	classes = {
	};
	objectVersion = 46;
	objects = {

/* Begin PBXBuildFile section */
		C31C25491B288EC700BD8435 /* LUnity.m in Sources */ = {isa = PBXBuildFile; fileRef = C31C25481B288EC700BD8435 /* LUnity.m */; };
		C31C254C1B2894B400BD8435 /* LoginViewController.m in Sources */ = {isa = PBXBuildFile; fileRef = C31C254B1B2894B400BD8435 /* LoginViewController.m */; };
		C31C254F1B2895AD00BD8435 /* CountryTabBarController.m in Sources */ = {isa = PBXBuildFile; fileRef = C31C254E1B2895AD00BD8435 /* CountryTabBarController.m */; };
		C33B83701B28894E0020F76E /* LBaseViewController.m in Sources */ = {isa = PBXBuildFile; fileRef = C33B836F1B28894E0020F76E /* LBaseViewController.m */; };
		C33B83731B28895E0020F76E /* LTableViewController.m in Sources */ = {isa = PBXBuildFile; fileRef = C33B83721B28895E0020F76E /* LTableViewController.m */; };
		C33B837B1B288BAB0020F76E /* JsonObject.m in Sources */ = {isa = PBXBuildFile; fileRef = C33B83761B288BAB0020F76E /* JsonObject.m */; };
		C33B837C1B288BAB0020F76E /* ObjBase.m in Sources */ = {isa = PBXBuildFile; fileRef = C33B83781B288BAB0020F76E /* ObjBase.m */; };
		C33B837D1B288BAB0020F76E /* ObjectList.m in Sources */ = {isa = PBXBuildFile; fileRef = C33B837A1B288BAB0020F76E /* ObjectList.m */; };
		C33B83841B288C620020F76E /* THttpActionMgr.m in Sources */ = {isa = PBXBuildFile; fileRef = C33B83811B288C620020F76E /* THttpActionMgr.m */; };
		C33B83851B288C620020F76E /* TResponeResult.m in Sources */ = {isa = PBXBuildFile; fileRef = C33B83831B288C620020F76E /* TResponeResult.m */; };
		C33B83881B288C940020F76E /* TActionBase.m in Sources */ = {isa = PBXBuildFile; fileRef = C33B83871B288C940020F76E /* TActionBase.m */; };
		CAF0AD6D1B27C89A00306D9E /* main.m in Sources */ = {isa = PBXBuildFile; fileRef = CAF0AD6C1B27C89A00306D9E /* main.m */; };
		CAF0AD701B27C89A00306D9E /* AppDelegate.m in Sources */ = {isa = PBXBuildFile; fileRef = CAF0AD6F1B27C89A00306D9E /* AppDelegate.m */; };
		CAF0AD731B27C89A00306D9E /* ViewController.m in Sources */ = {isa = PBXBuildFile; fileRef = CAF0AD721B27C89A00306D9E /* ViewController.m */; };
		CAF0AD761B27C89A00306D9E /* Main.storyboard in Resources */ = {isa = PBXBuildFile; fileRef = CAF0AD741B27C89A00306D9E /* Main.storyboard */; };
		CAF0AD781B27C89A00306D9E /* Images.xcassets in Resources */ = {isa = PBXBuildFile; fileRef = CAF0AD771B27C89A00306D9E /* Images.xcassets */; };
		CAF0AD871B27C89A00306D9E /* small_douAppTests.m in Sources */ = {isa = PBXBuildFile; fileRef = CAF0AD861B27C89A00306D9E /* small_douAppTests.m */; };
		CAF0AD9E1B29761000306D9E /* arrow-nav-white-36x36-left@2x.png in Resources */ = {isa = PBXBuildFile; fileRef = CAF0AD9D1B29761000306D9E /* arrow-nav-white-36x36-left@2x.png */; };
		CAF0ADA91B2A83CE00306D9E /* MainViewController.m in Sources */ = {isa = PBXBuildFile; fileRef = CAF0ADA81B2A83CE00306D9E /* MainViewController.m */; };
		CAF0ADAC1B2A83E900306D9E /* FenLeiVIewController.m in Sources */ = {isa = PBXBuildFile; fileRef = CAF0ADAB1B2A83E900306D9E /* FenLeiVIewController.m */; };
		CAF0ADAF1B2A840200306D9E /* GoodsCarViewController.m in Sources */ = {isa = PBXBuildFile; fileRef = CAF0ADAE1B2A840200306D9E /* GoodsCarViewController.m */; };
		CAF0ADB21B2A841200306D9E /* UserViewController.m in Sources */ = {isa = PBXBuildFile; fileRef = CAF0ADB11B2A841200306D9E /* UserViewController.m */; };
		DA0AD5CD7A4F83073772C578 /* libPods.a in Frameworks */ = {isa = PBXBuildFile; fileRef = 2A7A3CC018FB239C5723C05C /* libPods.a */; settings = {ATTRIBUTES = (Required, ); }; };
/* End PBXBuildFile section */

/* Begin PBXContainerItemProxy section */
		CAF0AD811B27C89A00306D9E /* PBXContainerItemProxy */ = {
			isa = PBXContainerItemProxy;
			containerPortal = CAF0AD5F1B27C89A00306D9E /* Project object */;
			proxyType = 1;
			remoteGlobalIDString = CAF0AD661B27C89A00306D9E;
			remoteInfo = small_douApp;
		};
/* End PBXContainerItemProxy section */

/* Begin PBXFileReference section */
		2A7A3CC018FB239C5723C05C /* libPods.a */ = {isa = PBXFileReference; explicitFileType = archive.ar; includeInIndex = 0; path = libPods.a; sourceTree = BUILT_PRODUCTS_DIR; };
		906F9933CFD4C17C084076E5 /* Pods.release.xcconfig */ = {isa = PBXFileReference; includeInIndex = 1; lastKnownFileType = text.xcconfig; name = Pods.release.xcconfig; path = "Pods/Target Support Files/Pods/Pods.release.xcconfig"; sourceTree = "<group>"; };
		AB6C8FD08409BBC4169418C6 /* Pods.debug.xcconfig */ = {isa = PBXFileReference; includeInIndex = 1; lastKnownFileType = text.xcconfig; name = Pods.debug.xcconfig; path = "Pods/Target Support Files/Pods/Pods.debug.xcconfig"; sourceTree = "<group>"; };
		C31C25471B288EC700BD8435 /* LUnity.h */ = {isa = PBXFileReference; fileEncoding = 4; lastKnownFileType = sourcecode.c.h; path = LUnity.h; sourceTree = "<group>"; };
		C31C25481B288EC700BD8435 /* LUnity.m */ = {isa = PBXFileReference; fileEncoding = 4; lastKnownFileType = sourcecode.c.objc; path = LUnity.m; sourceTree = "<group>"; };
		C31C254A1B2894B400BD8435 /* LoginViewController.h */ = {isa = PBXFileReference; fileEncoding = 4; lastKnownFileType = sourcecode.c.h; path = LoginViewController.h; sourceTree = "<group>"; };
		C31C254B1B2894B400BD8435 /* LoginViewController.m */ = {isa = PBXFileReference; fileEncoding = 4; lastKnownFileType = sourcecode.c.objc; path = LoginViewController.m; sourceTree = "<group>"; };
		C31C254D1B2895AD00BD8435 /* CountryTabBarController.h */ = {isa = PBXFileReference; fileEncoding = 4; lastKnownFileType = sourcecode.c.h; path = CountryTabBarController.h; sourceTree = "<group>"; };
		C31C254E1B2895AD00BD8435 /* CountryTabBarController.m */ = {isa = PBXFileReference; fileEncoding = 4; lastKnownFileType = sourcecode.c.objc; path = CountryTabBarController.m; sourceTree = "<group>"; };
		C33B836E1B28894E0020F76E /* LBaseViewController.h */ = {isa = PBXFileReference; fileEncoding = 4; lastKnownFileType = sourcecode.c.h; path = LBaseViewController.h; sourceTree = "<group>"; };
		C33B836F1B28894E0020F76E /* LBaseViewController.m */ = {isa = PBXFileReference; fileEncoding = 4; lastKnownFileType = sourcecode.c.objc; path = LBaseViewController.m; sourceTree = "<group>"; };
		C33B83711B28895E0020F76E /* LTableViewController.h */ = {isa = PBXFileReference; fileEncoding = 4; lastKnownFileType = sourcecode.c.h; path = LTableViewController.h; sourceTree = "<group>"; };
		C33B83721B28895E0020F76E /* LTableViewController.m */ = {isa = PBXFileReference; fileEncoding = 4; lastKnownFileType = sourcecode.c.objc; path = LTableViewController.m; sourceTree = "<group>"; };
		C33B83751B288BAB0020F76E /* JsonObject.h */ = {isa = PBXFileReference; fileEncoding = 4; lastKnownFileType = sourcecode.c.h; path = JsonObject.h; sourceTree = "<group>"; };
		C33B83761B288BAB0020F76E /* JsonObject.m */ = {isa = PBXFileReference; fileEncoding = 4; lastKnownFileType = sourcecode.c.objc; path = JsonObject.m; sourceTree = "<group>"; };
		C33B83771B288BAB0020F76E /* ObjBase.h */ = {isa = PBXFileReference; fileEncoding = 4; lastKnownFileType = sourcecode.c.h; path = ObjBase.h; sourceTree = "<group>"; };
		C33B83781B288BAB0020F76E /* ObjBase.m */ = {isa = PBXFileReference; fileEncoding = 4; lastKnownFileType = sourcecode.c.objc; path = ObjBase.m; sourceTree = "<group>"; };
		C33B83791B288BAB0020F76E /* ObjectList.h */ = {isa = PBXFileReference; fileEncoding = 4; lastKnownFileType = sourcecode.c.h; path = ObjectList.h; sourceTree = "<group>"; };
		C33B837A1B288BAB0020F76E /* ObjectList.m */ = {isa = PBXFileReference; fileEncoding = 4; lastKnownFileType = sourcecode.c.objc; path = ObjectList.m; sourceTree = "<group>"; };
		C33B83801B288C620020F76E /* THttpActionMgr.h */ = {isa = PBXFileReference; fileEncoding = 4; lastKnownFileType = sourcecode.c.h; path = THttpActionMgr.h; sourceTree = "<group>"; };
		C33B83811B288C620020F76E /* THttpActionMgr.m */ = {isa = PBXFileReference; fileEncoding = 4; lastKnownFileType = sourcecode.c.objc; path = THttpActionMgr.m; sourceTree = "<group>"; };
		C33B83821B288C620020F76E /* TResponeResult.h */ = {isa = PBXFileReference; fileEncoding = 4; lastKnownFileType = sourcecode.c.h; path = TResponeResult.h; sourceTree = "<group>"; };
		C33B83831B288C620020F76E /* TResponeResult.m */ = {isa = PBXFileReference; fileEncoding = 4; lastKnownFileType = sourcecode.c.objc; path = TResponeResult.m; sourceTree = "<group>"; };
		C33B83861B288C940020F76E /* TActionBase.h */ = {isa = PBXFileReference; fileEncoding = 4; lastKnownFileType = sourcecode.c.h; path = TActionBase.h; sourceTree = "<group>"; };
		C33B83871B288C940020F76E /* TActionBase.m */ = {isa = PBXFileReference; fileEncoding = 4; lastKnownFileType = sourcecode.c.objc; path = TActionBase.m; sourceTree = "<group>"; };
		CAF0AD671B27C89A00306D9E /* small_douApp.app */ = {isa = PBXFileReference; explicitFileType = wrapper.application; includeInIndex = 0; path = small_douApp.app; sourceTree = BUILT_PRODUCTS_DIR; };
		CAF0AD6B1B27C89A00306D9E /* Info.plist */ = {isa = PBXFileReference; lastKnownFileType = text.plist.xml; path = Info.plist; sourceTree = "<group>"; };
		CAF0AD6C1B27C89A00306D9E /* main.m */ = {isa = PBXFileReference; lastKnownFileType = sourcecode.c.objc; path = main.m; sourceTree = "<group>"; };
		CAF0AD6E1B27C89A00306D9E /* AppDelegate.h */ = {isa = PBXFileReference; lastKnownFileType = sourcecode.c.h; path = AppDelegate.h; sourceTree = "<group>"; };
		CAF0AD6F1B27C89A00306D9E /* AppDelegate.m */ = {isa = PBXFileReference; lastKnownFileType = sourcecode.c.objc; path = AppDelegate.m; sourceTree = "<group>"; };
		CAF0AD711B27C89A00306D9E /* ViewController.h */ = {isa = PBXFileReference; lastKnownFileType = sourcecode.c.h; path = ViewController.h; sourceTree = "<group>"; };
		CAF0AD721B27C89A00306D9E /* ViewController.m */ = {isa = PBXFileReference; lastKnownFileType = sourcecode.c.objc; path = ViewController.m; sourceTree = "<group>"; };
		CAF0AD751B27C89A00306D9E /* Base */ = {isa = PBXFileReference; lastKnownFileType = file.storyboard; name = Base; path = Base.lproj/Main.storyboard; sourceTree = "<group>"; };
		CAF0AD771B27C89A00306D9E /* Images.xcassets */ = {isa = PBXFileReference; lastKnownFileType = folder.assetcatalog; path = Images.xcassets; sourceTree = "<group>"; };
		CAF0AD801B27C89A00306D9E /* small_douAppTests.xctest */ = {isa = PBXFileReference; explicitFileType = wrapper.cfbundle; includeInIndex = 0; path = small_douAppTests.xctest; sourceTree = BUILT_PRODUCTS_DIR; };
		CAF0AD851B27C89A00306D9E /* Info.plist */ = {isa = PBXFileReference; lastKnownFileType = text.plist.xml; path = Info.plist; sourceTree = "<group>"; };
		CAF0AD861B27C89A00306D9E /* small_douAppTests.m */ = {isa = PBXFileReference; lastKnownFileType = sourcecode.c.objc; path = small_douAppTests.m; sourceTree = "<group>"; };
		CAF0AD9B1B27F56200306D9E /* small_douApp.pch */ = {isa = PBXFileReference; lastKnownFileType = sourcecode.c.h; path = small_douApp.pch; sourceTree = "<group>"; };
		CAF0AD9D1B29761000306D9E /* arrow-nav-white-36x36-left@2x.png */ = {isa = PBXFileReference; lastKnownFileType = image.png; path = "arrow-nav-white-36x36-left@2x.png"; sourceTree = "<group>"; };
		CAF0ADA71B2A83CE00306D9E /* MainViewController.h */ = {isa = PBXFileReference; fileEncoding = 4; lastKnownFileType = sourcecode.c.h; path = MainViewController.h; sourceTree = "<group>"; };
		CAF0ADA81B2A83CE00306D9E /* MainViewController.m */ = {isa = PBXFileReference; fileEncoding = 4; lastKnownFileType = sourcecode.c.objc; path = MainViewController.m; sourceTree = "<group>"; };
		CAF0ADAA1B2A83E900306D9E /* FenLeiVIewController.h */ = {isa = PBXFileReference; fileEncoding = 4; lastKnownFileType = sourcecode.c.h; path = FenLeiVIewController.h; sourceTree = "<group>"; };
		CAF0ADAB1B2A83E900306D9E /* FenLeiVIewController.m */ = {isa = PBXFileReference; fileEncoding = 4; lastKnownFileType = sourcecode.c.objc; path = FenLeiVIewController.m; sourceTree = "<group>"; };
		CAF0ADAD1B2A840100306D9E /* GoodsCarViewController.h */ = {isa = PBXFileReference; fileEncoding = 4; lastKnownFileType = sourcecode.c.h; path = GoodsCarViewController.h; sourceTree = "<group>"; };
		CAF0ADAE1B2A840200306D9E /* GoodsCarViewController.m */ = {isa = PBXFileReference; fileEncoding = 4; lastKnownFileType = sourcecode.c.objc; path = GoodsCarViewController.m; sourceTree = "<group>"; };
		CAF0ADB01B2A841200306D9E /* UserViewController.h */ = {isa = PBXFileReference; fileEncoding = 4; lastKnownFileType = sourcecode.c.h; path = UserViewController.h; sourceTree = "<group>"; };
		CAF0ADB11B2A841200306D9E /* UserViewController.m */ = {isa = PBXFileReference; fileEncoding = 4; lastKnownFileType = sourcecode.c.objc; path = UserViewController.m; sourceTree = "<group>"; };
/* End PBXFileReference section */

/* Begin PBXFrameworksBuildPhase section */
		CAF0AD641B27C89A00306D9E /* Frameworks */ = {
			isa = PBXFrameworksBuildPhase;
			buildActionMask = 2147483647;
			files = (
				DA0AD5CD7A4F83073772C578 /* libPods.a in Frameworks */,
			);
			runOnlyForDeploymentPostprocessing = 0;
		};
		CAF0AD7D1B27C89A00306D9E /* Frameworks */ = {
			isa = PBXFrameworksBuildPhase;
			buildActionMask = 2147483647;
			files = (
			);
			runOnlyForDeploymentPostprocessing = 0;
		};
/* End PBXFrameworksBuildPhase section */

/* Begin PBXGroup section */
		A9FBF33247784982196741F2 /* Pods */ = {
			isa = PBXGroup;
			children = (
				AB6C8FD08409BBC4169418C6 /* Pods.debug.xcconfig */,
				906F9933CFD4C17C084076E5 /* Pods.release.xcconfig */,
			);
			name = Pods;
			sourceTree = "<group>";
		};
		C31C25461B288EAF00BD8435 /* unitys */ = {
			isa = PBXGroup;
			children = (
				C31C25471B288EC700BD8435 /* LUnity.h */,
				C31C25481B288EC700BD8435 /* LUnity.m */,
			);
			path = unitys;
			sourceTree = "<group>";
		};
		C33B837E1B288C2E0020F76E /* services */ = {
			isa = PBXGroup;
			children = (
				C33B837F1B288C480020F76E /* Https */,
			);
			path = services;
			sourceTree = "<group>";
		};
		C33B837F1B288C480020F76E /* Https */ = {
			isa = PBXGroup;
			children = (
				C33B83861B288C940020F76E /* TActionBase.h */,
				C33B83871B288C940020F76E /* TActionBase.m */,
				C33B83801B288C620020F76E /* THttpActionMgr.h */,
				C33B83811B288C620020F76E /* THttpActionMgr.m */,
				C33B83821B288C620020F76E /* TResponeResult.h */,
				C33B83831B288C620020F76E /* TResponeResult.m */,
			);
			path = Https;
			sourceTree = "<group>";
		};
		CAF0AD5E1B27C89A00306D9E = {
			isa = PBXGroup;
			children = (
				CAF0AD691B27C89A00306D9E /* small_douApp */,
				CAF0AD831B27C89A00306D9E /* small_douAppTests */,
				CAF0AD681B27C89A00306D9E /* Products */,
				A9FBF33247784982196741F2 /* Pods */,
				DD3422EB9E12B2FC9E16ED6F /* Frameworks */,
			);
			sourceTree = "<group>";
		};
		CAF0AD681B27C89A00306D9E /* Products */ = {
			isa = PBXGroup;
			children = (
				CAF0AD671B27C89A00306D9E /* small_douApp.app */,
				CAF0AD801B27C89A00306D9E /* small_douAppTests.xctest */,
			);
			name = Products;
			sourceTree = "<group>";
		};
		CAF0AD691B27C89A00306D9E /* small_douApp */ = {
			isa = PBXGroup;
			children = (
				C31C25461B288EAF00BD8435 /* unitys */,
				CAF0AD941B27EF3D00306D9E /* resources */,
				CAF0AD921B27EF3D00306D9E /* lib */,
				CAF0AD901B27EF3D00306D9E /* category */,
				CAF0AD911B27EF3D00306D9E /* controllers */,
				CAF0AD961B27EF3D00306D9E /* views */,
				CAF0AD931B27EF3D00306D9E /* models */,
				C33B837E1B288C2E0020F76E /* services */,
				CAF0AD6E1B27C89A00306D9E /* AppDelegate.h */,
				CAF0AD6F1B27C89A00306D9E /* AppDelegate.m */,
				CAF0AD711B27C89A00306D9E /* ViewController.h */,
				CAF0AD721B27C89A00306D9E /* ViewController.m */,
				C33B836E1B28894E0020F76E /* LBaseViewController.h */,
				C33B836F1B28894E0020F76E /* LBaseViewController.m */,
				C33B83711B28895E0020F76E /* LTableViewController.h */,
				C33B83721B28895E0020F76E /* LTableViewController.m */,
				CAF0AD741B27C89A00306D9E /* Main.storyboard */,
				CAF0AD771B27C89A00306D9E /* Images.xcassets */,
				CAF0AD9B1B27F56200306D9E /* small_douApp.pch */,
				CAF0AD6A1B27C89A00306D9E /* Supporting Files */,
			);
			path = small_douApp;
			sourceTree = "<group>";
		};
		CAF0AD6A1B27C89A00306D9E /* Supporting Files */ = {
			isa = PBXGroup;
			children = (
				CAF0AD6B1B27C89A00306D9E /* Info.plist */,
				CAF0AD6C1B27C89A00306D9E /* main.m */,
			);
			name = "Supporting Files";
			sourceTree = "<group>";
		};
		CAF0AD831B27C89A00306D9E /* small_douAppTests */ = {
			isa = PBXGroup;
			children = (
				CAF0AD861B27C89A00306D9E /* small_douAppTests.m */,
				CAF0AD841B27C89A00306D9E /* Supporting Files */,
			);
			path = small_douAppTests;
			sourceTree = "<group>";
		};
		CAF0AD841B27C89A00306D9E /* Supporting Files */ = {
			isa = PBXGroup;
			children = (
				CAF0AD851B27C89A00306D9E /* Info.plist */,
			);
			name = "Supporting Files";
			sourceTree = "<group>";
		};
		CAF0AD901B27EF3D00306D9E /* category */ = {
			isa = PBXGroup;
			children = (
			);
			path = category;
			sourceTree = "<group>";
		};
		CAF0AD911B27EF3D00306D9E /* controllers */ = {
			isa = PBXGroup;
			children = (
				C31C254A1B2894B400BD8435 /* LoginViewController.h */,
				C31C254B1B2894B400BD8435 /* LoginViewController.m */,
				C31C254D1B2895AD00BD8435 /* CountryTabBarController.h */,
				C31C254E1B2895AD00BD8435 /* CountryTabBarController.m */,
				CAF0ADA71B2A83CE00306D9E /* MainViewController.h */,
				CAF0ADA81B2A83CE00306D9E /* MainViewController.m */,
				CAF0ADAA1B2A83E900306D9E /* FenLeiVIewController.h */,
				CAF0ADAB1B2A83E900306D9E /* FenLeiVIewController.m */,
				CAF0ADAD1B2A840100306D9E /* GoodsCarViewController.h */,
				CAF0ADAE1B2A840200306D9E /* GoodsCarViewController.m */,
				CAF0ADB01B2A841200306D9E /* UserViewController.h */,
				CAF0ADB11B2A841200306D9E /* UserViewController.m */,
			);
			path = controllers;
			sourceTree = "<group>";
		};
		CAF0AD921B27EF3D00306D9E /* lib */ = {
			isa = PBXGroup;
			children = (
			);
			path = lib;
			sourceTree = "<group>";
		};
		CAF0AD931B27EF3D00306D9E /* models */ = {
			isa = PBXGroup;
			children = (
				C33B83751B288BAB0020F76E /* JsonObject.h */,
				C33B83761B288BAB0020F76E /* JsonObject.m */,
				C33B83771B288BAB0020F76E /* ObjBase.h */,
				C33B83781B288BAB0020F76E /* ObjBase.m */,
				C33B83791B288BAB0020F76E /* ObjectList.h */,
				C33B837A1B288BAB0020F76E /* ObjectList.m */,
			);
			path = models;
			sourceTree = "<group>";
		};
		CAF0AD941B27EF3D00306D9E /* resources */ = {
			isa = PBXGroup;
			children = (
				CAF0AD9C1B29760100306D9E /* images */,
			);
			path = resources;
			sourceTree = "<group>";
		};
		CAF0AD961B27EF3D00306D9E /* views */ = {
			isa = PBXGroup;
			children = (
			);
			path = views;
			sourceTree = "<group>";
		};
		CAF0AD9C1B29760100306D9E /* images */ = {
			isa = PBXGroup;
			children = (
				CAF0AD9D1B29761000306D9E /* arrow-nav-white-36x36-left@2x.png */,
			);
			path = images;
			sourceTree = "<group>";
		};
		DD3422EB9E12B2FC9E16ED6F /* Frameworks */ = {
			isa = PBXGroup;
			children = (
				2A7A3CC018FB239C5723C05C /* libPods.a */,
			);
			name = Frameworks;
			sourceTree = "<group>";
		};
/* End PBXGroup section */

/* Begin PBXNativeTarget section */
		CAF0AD661B27C89A00306D9E /* small_douApp */ = {
			isa = PBXNativeTarget;
			buildConfigurationList = CAF0AD8A1B27C89B00306D9E /* Build configuration list for PBXNativeTarget "small_douApp" */;
			buildPhases = (
				F1BAE0115F9F7E704CA8B515 /* Check Pods Manifest.lock */,
				CAF0AD631B27C89A00306D9E /* Sources */,
				CAF0AD641B27C89A00306D9E /* Frameworks */,
				CAF0AD651B27C89A00306D9E /* Resources */,
				080EE7A5AAA992A588EC24A4 /* Copy Pods Resources */,
			);
			buildRules = (
			);
			dependencies = (
			);
			name = small_douApp;
			productName = small_douApp;
			productReference = CAF0AD671B27C89A00306D9E /* small_douApp.app */;
			productType = "com.apple.product-type.application";
		};
		CAF0AD7F1B27C89A00306D9E /* small_douAppTests */ = {
			isa = PBXNativeTarget;
			buildConfigurationList = CAF0AD8D1B27C89B00306D9E /* Build configuration list for PBXNativeTarget "small_douAppTests" */;
			buildPhases = (
				CAF0AD7C1B27C89A00306D9E /* Sources */,
				CAF0AD7D1B27C89A00306D9E /* Frameworks */,
				CAF0AD7E1B27C89A00306D9E /* Resources */,
			);
			buildRules = (
			);
			dependencies = (
				CAF0AD821B27C89A00306D9E /* PBXTargetDependency */,
			);
			name = small_douAppTests;
			productName = small_douAppTests;
			productReference = CAF0AD801B27C89A00306D9E /* small_douAppTests.xctest */;
			productType = "com.apple.product-type.bundle.unit-test";
		};
/* End PBXNativeTarget section */

/* Begin PBXProject section */
		CAF0AD5F1B27C89A00306D9E /* Project object */ = {
			isa = PBXProject;
			attributes = {
				LastUpgradeCheck = 0630;
				ORGANIZATIONNAME = zhongli;
				TargetAttributes = {
					CAF0AD661B27C89A00306D9E = {
						CreatedOnToolsVersion = 6.3;
					};
					CAF0AD7F1B27C89A00306D9E = {
						CreatedOnToolsVersion = 6.3;
						TestTargetID = CAF0AD661B27C89A00306D9E;
					};
				};
			};
			buildConfigurationList = CAF0AD621B27C89A00306D9E /* Build configuration list for PBXProject "small_douApp" */;
			compatibilityVersion = "Xcode 3.2";
			developmentRegion = English;
			hasScannedForEncodings = 0;
			knownRegions = (
				en,
				Base,
			);
			mainGroup = CAF0AD5E1B27C89A00306D9E;
			productRefGroup = CAF0AD681B27C89A00306D9E /* Products */;
			projectDirPath = "";
			projectRoot = "";
			targets = (
				CAF0AD661B27C89A00306D9E /* small_douApp */,
				CAF0AD7F1B27C89A00306D9E /* small_douAppTests */,
			);
		};
/* End PBXProject section */

/* Begin PBXResourcesBuildPhase section */
		CAF0AD651B27C89A00306D9E /* Resources */ = {
			isa = PBXResourcesBuildPhase;
			buildActionMask = 2147483647;
			files = (
				CAF0AD9E1B29761000306D9E /* arrow-nav-white-36x36-left@2x.png in Resources */,
				CAF0AD761B27C89A00306D9E /* Main.storyboard in Resources */,
				CAF0AD781B27C89A00306D9E /* Images.xcassets in Resources */,
			);
			runOnlyForDeploymentPostprocessing = 0;
		};
		CAF0AD7E1B27C89A00306D9E /* Resources */ = {
			isa = PBXResourcesBuildPhase;
			buildActionMask = 2147483647;
			files = (
			);
			runOnlyForDeploymentPostprocessing = 0;
		};
/* End PBXResourcesBuildPhase section */

/* Begin PBXShellScriptBuildPhase section */
		080EE7A5AAA992A588EC24A4 /* Copy Pods Resources */ = {
			isa = PBXShellScriptBuildPhase;
			buildActionMask = 2147483647;
			files = (
			);
			inputPaths = (
			);
			name = "Copy Pods Resources";
			outputPaths = (
			);
			runOnlyForDeploymentPostprocessing = 0;
			shellPath = /bin/sh;
			shellScript = "\"${SRCROOT}/Pods/Target Support Files/Pods/Pods-resources.sh\"\n";
			showEnvVarsInLog = 0;
		};
		F1BAE0115F9F7E704CA8B515 /* Check Pods Manifest.lock */ = {
			isa = PBXShellScriptBuildPhase;
			buildActionMask = 2147483647;
			files = (
			);
			inputPaths = (
			);
			name = "Check Pods Manifest.lock";
			outputPaths = (
			);
			runOnlyForDeploymentPostprocessing = 0;
			shellPath = /bin/sh;
			shellScript = "diff \"${PODS_ROOT}/../Podfile.lock\" \"${PODS_ROOT}/Manifest.lock\" > /dev/null\nif [[ $? != 0 ]] ; then\n    cat << EOM\nerror: The sandbox is not in sync with the Podfile.lock. Run 'pod install' or update your CocoaPods installation.\nEOM\n    exit 1\nfi\n";
			showEnvVarsInLog = 0;
		};
/* End PBXShellScriptBuildPhase section */

/* Begin PBXSourcesBuildPhase section */
		CAF0AD631B27C89A00306D9E /* Sources */ = {
			isa = PBXSourcesBuildPhase;
			buildActionMask = 2147483647;
			files = (
				C31C25491B288EC700BD8435 /* LUnity.m in Sources */,
				CAF0AD731B27C89A00306D9E /* ViewController.m in Sources */,
				CAF0ADAF1B2A840200306D9E /* GoodsCarViewController.m in Sources */,
				C31C254C1B2894B400BD8435 /* LoginViewController.m in Sources */,
				CAF0ADAC1B2A83E900306D9E /* FenLeiVIewController.m in Sources */,
				CAF0AD701B27C89A00306D9E /* AppDelegate.m in Sources */,
				C33B837D1B288BAB0020F76E /* ObjectList.m in Sources */,
				C33B83841B288C620020F76E /* THttpActionMgr.m in Sources */,
				C33B837B1B288BAB0020F76E /* JsonObject.m in Sources */,
				CAF0ADB21B2A841200306D9E /* UserViewController.m in Sources */,
				C33B83701B28894E0020F76E /* LBaseViewController.m in Sources */,
				C33B83851B288C620020F76E /* TResponeResult.m in Sources */,
				C33B83731B28895E0020F76E /* LTableViewController.m in Sources */,
				C31C254F1B2895AD00BD8435 /* CountryTabBarController.m in Sources */,
				C33B83881B288C940020F76E /* TActionBase.m in Sources */,
				C33B837C1B288BAB0020F76E /* ObjBase.m in Sources */,
				CAF0ADA91B2A83CE00306D9E /* MainViewController.m in Sources */,
				CAF0AD6D1B27C89A00306D9E /* main.m in Sources */,
			);
			runOnlyForDeploymentPostprocessing = 0;
		};
		CAF0AD7C1B27C89A00306D9E /* Sources */ = {
			isa = PBXSourcesBuildPhase;
			buildActionMask = 2147483647;
			files = (
				CAF0AD871B27C89A00306D9E /* small_douAppTests.m in Sources */,
			);
			runOnlyForDeploymentPostprocessing = 0;
		};
/* End PBXSourcesBuildPhase section */

/* Begin PBXTargetDependency section */
		CAF0AD821B27C89A00306D9E /* PBXTargetDependency */ = {
			isa = PBXTargetDependency;
			target = CAF0AD661B27C89A00306D9E /* small_douApp */;
			targetProxy = CAF0AD811B27C89A00306D9E /* PBXContainerItemProxy */;
		};
/* End PBXTargetDependency section */

/* Begin PBXVariantGroup section */
		CAF0AD741B27C89A00306D9E /* Main.storyboard */ = {
			isa = PBXVariantGroup;
			children = (
				CAF0AD751B27C89A00306D9E /* Base */,
			);
			name = Main.storyboard;
			sourceTree = "<group>";
		};
/* End PBXVariantGroup section */

/* Begin XCBuildConfiguration section */
		CAF0AD881B27C89B00306D9E /* Debug */ = {
			isa = XCBuildConfiguration;
			buildSettings = {
				ALWAYS_SEARCH_USER_PATHS = NO;
				CLANG_CXX_LANGUAGE_STANDARD = "gnu++0x";
				CLANG_CXX_LIBRARY = "libc++";
				CLANG_ENABLE_MODULES = YES;
				CLANG_ENABLE_OBJC_ARC = YES;
				CLANG_WARN_BOOL_CONVERSION = YES;
				CLANG_WARN_CONSTANT_CONVERSION = YES;
				CLANG_WARN_DIRECT_OBJC_ISA_USAGE = YES_ERROR;
				CLANG_WARN_EMPTY_BODY = YES;
				CLANG_WARN_ENUM_CONVERSION = YES;
				CLANG_WARN_INT_CONVERSION = YES;
				CLANG_WARN_OBJC_ROOT_CLASS = YES_ERROR;
				CLANG_WARN_UNREACHABLE_CODE = YES;
				CLANG_WARN__DUPLICATE_METHOD_MATCH = YES;
				"CODE_SIGN_IDENTITY[sdk=iphoneos*]" = "iPhone Developer";
				COPY_PHASE_STRIP = NO;
				DEBUG_INFORMATION_FORMAT = "dwarf-with-dsym";
				ENABLE_STRICT_OBJC_MSGSEND = YES;
				GCC_C_LANGUAGE_STANDARD = gnu99;
				GCC_DYNAMIC_NO_PIC = NO;
				GCC_NO_COMMON_BLOCKS = YES;
				GCC_OPTIMIZATION_LEVEL = 0;
				GCC_PREPROCESSOR_DEFINITIONS = (
					"DEBUG=1",
					"$(inherited)",
				);
				GCC_SYMBOLS_PRIVATE_EXTERN = NO;
				GCC_WARN_64_TO_32_BIT_CONVERSION = YES;
				GCC_WARN_ABOUT_RETURN_TYPE = YES_ERROR;
				GCC_WARN_UNDECLARED_SELECTOR = YES;
				GCC_WARN_UNINITIALIZED_AUTOS = YES_AGGRESSIVE;
				GCC_WARN_UNUSED_FUNCTION = YES;
				GCC_WARN_UNUSED_VARIABLE = YES;
				IPHONEOS_DEPLOYMENT_TARGET = 8.3;
				MTL_ENABLE_DEBUG_INFO = YES;
				ONLY_ACTIVE_ARCH = YES;
				SDKROOT = iphoneos;
				TARGETED_DEVICE_FAMILY = "1,2";
			};
			name = Debug;
		};
		CAF0AD891B27C89B00306D9E /* Release */ = {
			isa = XCBuildConfiguration;
			buildSettings = {
				ALWAYS_SEARCH_USER_PATHS = NO;
				CLANG_CXX_LANGUAGE_STANDARD = "gnu++0x";
				CLANG_CXX_LIBRARY = "libc++";
				CLANG_ENABLE_MODULES = YES;
				CLANG_ENABLE_OBJC_ARC = YES;
				CLANG_WARN_BOOL_CONVERSION = YES;
				CLANG_WARN_CONSTANT_CONVERSION = YES;
				CLANG_WARN_DIRECT_OBJC_ISA_USAGE = YES_ERROR;
				CLANG_WARN_EMPTY_BODY = YES;
				CLANG_WARN_ENUM_CONVERSION = YES;
				CLANG_WARN_INT_CONVERSION = YES;
				CLANG_WARN_OBJC_ROOT_CLASS = YES_ERROR;
				CLANG_WARN_UNREACHABLE_CODE = YES;
				CLANG_WARN__DUPLICATE_METHOD_MATCH = YES;
				"CODE_SIGN_IDENTITY[sdk=iphoneos*]" = "iPhone Developer";
				COPY_PHASE_STRIP = NO;
				DEBUG_INFORMATION_FORMAT = "dwarf-with-dsym";
				ENABLE_NS_ASSERTIONS = NO;
				ENABLE_STRICT_OBJC_MSGSEND = YES;
				GCC_C_LANGUAGE_STANDARD = gnu99;
				GCC_NO_COMMON_BLOCKS = YES;
				GCC_WARN_64_TO_32_BIT_CONVERSION = YES;
				GCC_WARN_ABOUT_RETURN_TYPE = YES_ERROR;
				GCC_WARN_UNDECLARED_SELECTOR = YES;
				GCC_WARN_UNINITIALIZED_AUTOS = YES_AGGRESSIVE;
				GCC_WARN_UNUSED_FUNCTION = YES;
				GCC_WARN_UNUSED_VARIABLE = YES;
				IPHONEOS_DEPLOYMENT_TARGET = 8.3;
				MTL_ENABLE_DEBUG_INFO = NO;
				SDKROOT = iphoneos;
				TARGETED_DEVICE_FAMILY = "1,2";
				VALIDATE_PRODUCT = YES;
			};
			name = Release;
		};
		CAF0AD8B1B27C89B00306D9E /* Debug */ = {
			isa = XCBuildConfiguration;
			baseConfigurationReference = AB6C8FD08409BBC4169418C6 /* Pods.debug.xcconfig */;
			buildSettings = {
				ASSETCATALOG_COMPILER_APPICON_NAME = AppIcon;
				ASSETCATALOG_COMPILER_LAUNCHIMAGE_NAME = LaunchImage;
				GCC_PRECOMPILE_PREFIX_HEADER = YES;
				GCC_PREFIX_HEADER = "$(SRCROOT)/small_douApp/small_douApp.pch";
				INFOPLIST_FILE = small_douApp/Info.plist;
				IPHONEOS_DEPLOYMENT_TARGET = 7.0;
				LD_RUNPATH_SEARCH_PATHS = "$(inherited) @executable_path/Frameworks";
				PRODUCT_NAME = "$(TARGET_NAME)";
			};
			name = Debug;
		};
		CAF0AD8C1B27C89B00306D9E /* Release */ = {
			isa = XCBuildConfiguration;
			baseConfigurationReference = 906F9933CFD4C17C084076E5 /* Pods.release.xcconfig */;
			buildSettings = {
				ASSETCATALOG_COMPILER_APPICON_NAME = AppIcon;
				ASSETCATALOG_COMPILER_LAUNCHIMAGE_NAME = LaunchImage;
				GCC_PRECOMPILE_PREFIX_HEADER = YES;
				GCC_PREFIX_HEADER = "$(SRCROOT)/small_douApp/small_douApp.pch";
				INFOPLIST_FILE = small_douApp/Info.plist;
				IPHONEOS_DEPLOYMENT_TARGET = 7.0;
				LD_RUNPATH_SEARCH_PATHS = "$(inherited) @executable_path/Frameworks";
				PRODUCT_NAME = "$(TARGET_NAME)";
			};
			name = Release;
		};
		CAF0AD8E1B27C89B00306D9E /* Debug */ = {
			isa = XCBuildConfiguration;
			buildSettings = {
				BUNDLE_LOADER = "$(TEST_HOST)";
				FRAMEWORK_SEARCH_PATHS = (
					"$(SDKROOT)/Developer/Library/Frameworks",
					"$(inherited)",
				);
				GCC_PREPROCESSOR_DEFINITIONS = (
					"DEBUG=1",
					"$(inherited)",
				);
				INFOPLIST_FILE = small_douAppTests/Info.plist;
				LD_RUNPATH_SEARCH_PATHS = "$(inherited) @executable_path/Frameworks @loader_path/Frameworks";
				PRODUCT_NAME = "$(TARGET_NAME)";
				TEST_HOST = "$(BUILT_PRODUCTS_DIR)/small_douApp.app/small_douApp";
			};
			name = Debug;
		};
		CAF0AD8F1B27C89B00306D9E /* Release */ = {
			isa = XCBuildConfiguration;
			buildSettings = {
				BUNDLE_LOADER = "$(TEST_HOST)";
				FRAMEWORK_SEARCH_PATHS = (
					"$(SDKROOT)/Developer/Library/Frameworks",
					"$(inherited)",
				);
				INFOPLIST_FILE = small_douAppTests/Info.plist;
				LD_RUNPATH_SEARCH_PATHS = "$(inherited) @executable_path/Frameworks @loader_path/Frameworks";
				PRODUCT_NAME = "$(TARGET_NAME)";
				TEST_HOST = "$(BUILT_PRODUCTS_DIR)/small_douApp.app/small_douApp";
			};
			name = Release;
		};
/* End XCBuildConfiguration section */

/* Begin XCConfigurationList section */
		CAF0AD621B27C89A00306D9E /* Build configuration list for PBXProject "small_douApp" */ = {
			isa = XCConfigurationList;
			buildConfigurations = (
				CAF0AD881B27C89B00306D9E /* Debug */,
				CAF0AD891B27C89B00306D9E /* Release */,
			);
			defaultConfigurationIsVisible = 0;
			defaultConfigurationName = Release;
		};
		CAF0AD8A1B27C89B00306D9E /* Build configuration list for PBXNativeTarget "small_douApp" */ = {
			isa = XCConfigurationList;
			buildConfigurations = (
				CAF0AD8B1B27C89B00306D9E /* Debug */,
				CAF0AD8C1B27C89B00306D9E /* Release */,
			);
			defaultConfigurationIsVisible = 0;
			defaultConfigurationName = Release;
		};
		CAF0AD8D1B27C89B00306D9E /* Build configuration list for PBXNativeTarget "small_douAppTests" */ = {
			isa = XCConfigurationList;
			buildConfigurations = (
				CAF0AD8E1B27C89B00306D9E /* Debug */,
				CAF0AD8F1B27C89B00306D9E /* Release */,
			);
			defaultConfigurationIsVisible = 0;
			defaultConfigurationName = Release;
		};
/* End XCConfigurationList section */
	};
	rootObject = CAF0AD5F1B27C89A00306D9E /* Project object */;
}
